{
  "name": "backend",
  "lockfileVersion": 3,
  "requires": true,
  "packages": {
    "": {
      "dependencies": {
        "the-fuzz": "^1.0.0"
      }
    },
    "node_modules/fast-check": {
      "version": "1.26.0",
      "resolved": "https://registry.npmjs.org/fast-check/-/fast-check-1.26.0.tgz",
      "integrity": "sha512-B1AjSfe0bmi6FdFIzmrrGSjrsF6e2MCmZiM6zJaRbBMP+gIvdNakle5FIMKi0xbS9KlN9BZho1R7oB/qoNIQuA==",
      "license": "MIT",
      "dependencies": {
        "pure-rand": "^2.0.0",
        "tslib": "^2.0.0"
      },
      "engines": {
        "node": ">=0.12"
      },
      "funding": {
        "type": "opencollective",
        "url": "https://opencollective.com/fast-check"
      }
    },
    "node_modules/pure-rand": {
      "version": "2.0.0",
      "resolved": "https://registry.npmjs.org/pure-rand/-/pure-rand-2.0.0.tgz",
      "integrity": "sha512-mk98aayyd00xbfHgE3uEmAUGzz3jCdm8Mkf5DUXUhc7egmOaGG2D7qhVlynGenNe9VaNJZvzO9hkc8myuTkDgw==",
      "license": "MIT"
    },
    "node_modules/the-fuzz": {
      "version": "1.0.0",
      "resolved": "https://registry.npmjs.org/the-fuzz/-/the-fuzz-1.0.0.tgz",
      "integrity": "sha512-oi2zwBm6O5w3VMC0n0uqZg4xT7d3ej8F7VnoeQR7ZUz5Ei+bBzM/uLFyEufMiIZvQ0Bfl9ZCq4z0v8X/RXx8LQ==",
      "license": "MIT",
      "dependencies": {
        "fast-check": "^1.15.0"
      }
    },
    "node_modules/tslib": {
      "version": "2.8.1",
      "resolved": "https://registry.npmjs.org/tslib/-/tslib-2.8.1.tgz",
      "integrity": "sha512-oJFu94HQb+KVduSUQL7wnpmqnfmLsOA/nAh6b6EH0wCEoK0/mPeXU6c3wKDV83MkOuHPRHtSXKKU99IBazS/2w==",
      "license": "0BSD"
    }
  }
}
